// !$*UTF8*$!
{
	archiveVersion = 1;
	classes = {
	};
	objectVersion = 56;
	objects = {

/* Begin PBXBuildFile section */
		945F208029E788670034B786 /* CookcademyApp.swift in Sources */ = {isa = PBXBuildFile; fileRef = 945F207F29E788670034B786 /* CookcademyApp.swift */; };
		945F208229E788670034B786 /* RecipesListView.swift in Sources */ = {isa = PBXBuildFile; fileRef = 945F208129E788670034B786 /* RecipesListView.swift */; };
		945F208429E7886A0034B786 /* Assets.xcassets in Resources */ = {isa = PBXBuildFile; fileRef = 945F208329E7886A0034B786 /* Assets.xcassets */; };
		945F208729E7886A0034B786 /* Preview Assets.xcassets in Resources */ = {isa = PBXBuildFile; fileRef = 945F208629E7886A0034B786 /* Preview Assets.xcassets */; };
		945F209029E7929E0034B786 /* Recipe.swift in Sources */ = {isa = PBXBuildFile; fileRef = 945F208F29E7929E0034B786 /* Recipe.swift */; };
		945F20AF29E7D0DA0034B786 /* RecipeData.swift in Sources */ = {isa = PBXBuildFile; fileRef = 945F20AE29E7D0DA0034B786 /* RecipeData.swift */; };
		945F20B129E8C41A0034B786 /* RecipeDetailView.swift in Sources */ = {isa = PBXBuildFile; fileRef = 945F20B029E8C4190034B786 /* RecipeDetailView.swift */; };
		945F20B329E8CAC20034B786 /* AppColor.swift in Sources */ = {isa = PBXBuildFile; fileRef = 945F20B229E8CAC20034B786 /* AppColor.swift */; };
		945F20CF29E911310034B786 /* RecipeCategoryGridView.swift in Sources */ = {isa = PBXBuildFile; fileRef = 945F20CE29E911310034B786 /* RecipeCategoryGridView.swift */; };
		94C6AF9129E93F10006363CA /* ModifyRecipeView.swift in Sources */ = {isa = PBXBuildFile; fileRef = 94C6AF9029E93F10006363CA /* ModifyRecipeView.swift */; };
/* End PBXBuildFile section */

/* Begin PBXFileReference section */
		945F207C29E788670034B786 /* Cookcademy.app */ = {isa = PBXFileReference; explicitFileType = wrapper.application; includeInIndex = 0; path = Cookcademy.app; sourceTree = BUILT_PRODUCTS_DIR; };
		945F207F29E788670034B786 /* CookcademyApp.swift */ = {isa = PBXFileReference; lastKnownFileType = sourcecode.swift; path = CookcademyApp.swift; sourceTree = "<group>"; };
		945F208129E788670034B786 /* RecipesListView.swift */ = {isa = PBXFileReference; lastKnownFileType = sourcecode.swift; path = RecipesListView.swift; sourceTree = "<group>"; };
		945F208329E7886A0034B786 /* Assets.xcassets */ = {isa = PBXFileReference; lastKnownFileType = folder.assetcatalog; path = Assets.xcassets; sourceTree = "<group>"; };
		945F208629E7886A0034B786 /* Preview Assets.xcassets */ = {isa = PBXFileReference; lastKnownFileType = folder.assetcatalog; path = "Preview Assets.xcassets"; sourceTree = "<group>"; };
		945F208F29E7929E0034B786 /* Recipe.swift */ = {isa = PBXFileReference; lastKnownFileType = sourcecode.swift; path = Recipe.swift; sourceTree = "<group>"; };
		945F20AE29E7D0DA0034B786 /* RecipeData.swift */ = {isa = PBXFileReference; lastKnownFileType = sourcecode.swift; path = RecipeData.swift; sourceTree = "<group>"; };
		945F20B029E8C4190034B786 /* RecipeDetailView.swift */ = {isa = PBXFileReference; lastKnownFileType = sourcecode.swift; path = RecipeDetailView.swift; sourceTree = "<group>"; };
		945F20B229E8CAC20034B786 /* AppColor.swift */ = {isa = PBXFileReference; lastKnownFileType = sourcecode.swift; path = AppColor.swift; sourceTree = "<group>"; };
		945F20CE29E911310034B786 /* RecipeCategoryGridView.swift */ = {isa = PBXFileReference; lastKnownFileType = sourcecode.swift; path = RecipeCategoryGridView.swift; sourceTree = "<group>"; };
		94C6AF9029E93F10006363CA /* ModifyRecipeView.swift */ = {isa = PBXFileReference; lastKnownFileType = sourcecode.swift; path = ModifyRecipeView.swift; sourceTree = "<group>"; };
/* End PBXFileReference section */

/* Begin PBXFrameworksBuildPhase section */
		945F207929E788670034B786 /* Frameworks */ = {
			isa = PBXFrameworksBuildPhase;
			buildActionMask = 2147483647;
			files = (
			);
			runOnlyForDeploymentPostprocessing = 0;
		};
/* End PBXFrameworksBuildPhase section */

/* Begin PBXGroup section */
		945F207329E788670034B786 = {
			isa = PBXGroup;
			children = (
				945F207E29E788670034B786 /* Cookcademy */,
				945F207D29E788670034B786 /* Products */,
			);
			sourceTree = "<group>";
		};
		945F207D29E788670034B786 /* Products */ = {
			isa = PBXGroup;
			children = (
				945F207C29E788670034B786 /* Cookcademy.app */,
			);
			name = Products;
			sourceTree = "<group>";
		};
		945F207E29E788670034B786 /* Cookcademy */ = {
			isa = PBXGroup;
			children = (
				945F20AC29E7CC800034B786 /* ViewModels */,
				945F20AB29E7CC730034B786 /* Views */,
				945F20AD29E7CC8E0034B786 /* Models */,
				945F207F29E788670034B786 /* CookcademyApp.swift */,
				945F208329E7886A0034B786 /* Assets.xcassets */,
				945F208529E7886A0034B786 /* Preview Content */,
			);
			path = Cookcademy;
			sourceTree = "<group>";
		};
		945F208529E7886A0034B786 /* Preview Content */ = {
			isa = PBXGroup;
			children = (
				945F208629E7886A0034B786 /* Preview Assets.xcassets */,
			);
			path = "Preview Content";
			sourceTree = "<group>";
		};
		945F20AB29E7CC730034B786 /* Views */ = {
			isa = PBXGroup;
			children = (
				94C6AF8F29E93E07006363CA /* ModifyRecipes */,
				94C6AF8E29E93DF4006363CA /* ExploreRecipes */,
			);
			path = Views;
			sourceTree = "<group>";
		};
		945F20AC29E7CC800034B786 /* ViewModels */ = {
			isa = PBXGroup;
			children = (
				945F20AE29E7D0DA0034B786 /* RecipeData.swift */,
				945F20B229E8CAC20034B786 /* AppColor.swift */,
			);
			path = ViewModels;
			sourceTree = "<group>";
		};
		945F20AD29E7CC8E0034B786 /* Models */ = {
			isa = PBXGroup;
			children = (
				945F208F29E7929E0034B786 /* Recipe.swift */,
			);
			path = Models;
			sourceTree = "<group>";
		};
		94C6AF8E29E93DF4006363CA /* ExploreRecipes */ = {
			isa = PBXGroup;
			children = (
				945F208129E788670034B786 /* RecipesListView.swift */,
				945F20B029E8C4190034B786 /* RecipeDetailView.swift */,
				945F20CE29E911310034B786 /* RecipeCategoryGridView.swift */,
			);
			path = ExploreRecipes;
			sourceTree = "<group>";
		};
		94C6AF8F29E93E07006363CA /* ModifyRecipes */ = {
			isa = PBXGroup;
			children = (
				94C6AF9029E93F10006363CA /* ModifyRecipeView.swift */,
			);
			path = ModifyRecipes;
			sourceTree = "<group>";
		};
/* End PBXGroup section */

/* Begin PBXNativeTarget section */
		945F207B29E788670034B786 /* Cookcademy */ = {
			isa = PBXNativeTarget;
			buildConfigurationList = 945F208A29E7886A0034B786 /* Build configuration list for PBXNativeTarget "Cookcademy" */;
			buildPhases = (
				945F207829E788670034B786 /* Sources */,
				945F207929E788670034B786 /* Frameworks */,
				945F207A29E788670034B786 /* Resources */,
			);
			buildRules = (
			);
			dependencies = (
			);
			name = Cookcademy;
			productName = Cookcademy;
			productReference = 945F207C29E788670034B786 /* Cookcademy.app */;
			productType = "com.apple.product-type.application";
		};
/* End PBXNativeTarget section */

/* Begin PBXProject section */
		945F207429E788670034B786 /* Project object */ = {
			isa = PBXProject;
			attributes = {
				BuildIndependentTargetsInParallel = 1;
				LastSwiftUpdateCheck = 1420;
				LastUpgradeCheck = 1420;
				TargetAttributes = {
					945F207B29E788670034B786 = {
						CreatedOnToolsVersion = 14.2;
					};
				};
			};
			buildConfigurationList = 945F207729E788670034B786 /* Build configuration list for PBXProject "Cookcademy" */;
			compatibilityVersion = "Xcode 14.0";
			developmentRegion = en;
			hasScannedForEncodings = 0;
			knownRegions = (
				en,
				Base,
			);
			mainGroup = 945F207329E788670034B786;
			productRefGroup = 945F207D29E788670034B786 /* Products */;
			projectDirPath = "";
			projectRoot = "";
			targets = (
				945F207B29E788670034B786 /* Cookcademy */,
			);
		};
/* End PBXProject section */

/* Begin PBXResourcesBuildPhase section */
		945F207A29E788670034B786 /* Resources */ = {
			isa = PBXResourcesBuildPhase;
			buildActionMask = 2147483647;
			files = (
				945F208729E7886A0034B786 /* Preview Assets.xcassets in Resources */,
				945F208429E7886A0034B786 /* Assets.xcassets in Resources */,
			);
			runOnlyForDeploymentPostprocessing = 0;
		};
/* End PBXResourcesBuildPhase section */

/* Begin PBXSourcesBuildPhase section */
		945F207829E788670034B786 /* Sources */ = {
			isa = PBXSourcesBuildPhase;
			buildActionMask = 2147483647;
			files = (
				945F208229E788670034B786 /* RecipesListView.swift in Sources */,
				945F20B129E8C41A0034B786 /* RecipeDetailView.swift in Sources */,
				945F20CF29E911310034B786 /* RecipeCategoryGridView.swift in Sources */,
				945F20AF29E7D0DA0034B786 /* RecipeData.swift in Sources */,
				94C6AF9129E93F10006363CA /* ModifyRecipeView.swift in Sources */,
				945F208029E788670034B786 /* CookcademyApp.swift in Sources */,
				945F209029E7929E0034B786 /* Recipe.swift in Sources */,
				945F20B329E8CAC20034B786 /* AppColor.swift in Sources */,
			);
			runOnlyForDeploymentPostprocessing = 0;
		};
/* End PBXSourcesBuildPhase section */

/* Begin XCBuildConfiguration section */
		945F208829E7886A0034B786 /* Debug */ = {
			isa = XCBuildConfiguration;
			buildSettings = {
				ALWAYS_SEARCH_USER_PATHS = NO;
				CLANG_ANALYZER_NONNULL = YES;
				CLANG_ANALYZER_NUMBER_OBJECT_CONVERSION = YES_AGGRESSIVE;
				CLANG_CXX_LANGUAGE_STANDARD = "gnu++20";
				CLANG_ENABLE_MODULES = YES;
				CLANG_ENABLE_OBJC_ARC = YES;
				CLANG_ENABLE_OBJC_WEAK = YES;
				CLANG_WARN_BLOCK_CAPTURE_AUTORELEASING = YES;
				CLANG_WARN_BOOL_CONVERSION = YES;
				CLANG_WARN_COMMA = YES;
				CLANG_WARN_CONSTANT_CONVERSION = YES;
				CLANG_WARN_DEPRECATED_OBJC_IMPLEMENTATIONS = YES;
				CLANG_WARN_DIRECT_OBJC_ISA_USAGE = YES_ERROR;
				CLANG_WARN_DOCUMENTATION_COMMENTS = YES;
				CLANG_WARN_EMPTY_BODY = YES;
				CLANG_WARN_ENUM_CONVERSION = YES;
				CLANG_WARN_INFINITE_RECURSION = YES;
				CLANG_WARN_INT_CONVERSION = YES;
				CLANG_WARN_NON_LITERAL_NULL_CONVERSION = YES;
				CLANG_WARN_OBJC_IMPLICIT_RETAIN_SELF = YES;
				CLANG_WARN_OBJC_LITERAL_CONVERSION = YES;
				CLANG_WARN_OBJC_ROOT_CLASS = YES_ERROR;
				CLANG_WARN_QUOTED_INCLUDE_IN_FRAMEWORK_HEADER = YES;
				CLANG_WARN_RANGE_LOOP_ANALYSIS = YES;
				CLANG_WARN_STRICT_PROTOTYPES = YES;
				CLANG_WARN_SUSPICIOUS_MOVE = YES;
				CLANG_WARN_UNGUARDED_AVAILABILITY = YES_AGGRESSIVE;
				CLANG_WARN_UNREACHABLE_CODE = YES;
				CLANG_WARN__DUPLICATE_METHOD_MATCH = YES;
				COPY_PHASE_STRIP = NO;
				DEBUG_INFORMATION_FORMAT = dwarf;
				ENABLE_STRICT_OBJC_MSGSEND = YES;
				ENABLE_TESTABILITY = YES;
				GCC_C_LANGUAGE_STANDARD = gnu11;
				GCC_DYNAMIC_NO_PIC = NO;
				GCC_NO_COMMON_BLOCKS = YES;
				GCC_OPTIMIZATION_LEVEL = 0;
				GCC_PREPROCESSOR_DEFINITIONS = (
					"DEBUG=1",
					"$(inherited)",
				);
				GCC_WARN_64_TO_32_BIT_CONVERSION = YES;
				GCC_WARN_ABOUT_RETURN_TYPE = YES_ERROR;
				GCC_WARN_UNDECLARED_SELECTOR = YES;
				GCC_WARN_UNINITIALIZED_AUTOS = YES_AGGRESSIVE;
				GCC_WARN_UNUSED_FUNCTION = YES;
				GCC_WARN_UNUSED_VARIABLE = YES;
				IPHONEOS_DEPLOYMENT_TARGET = 16.2;
				MTL_ENABLE_DEBUG_INFO = INCLUDE_SOURCE;
				MTL_FAST_MATH = YES;
				ONLY_ACTIVE_ARCH = YES;
				SDKROOT = iphoneos;
				SWIFT_ACTIVE_COMPILATION_CONDITIONS = DEBUG;
				SWIFT_OPTIMIZATION_LEVEL = "-Onone";
			};
			name = Debug;
		};
		945F208929E7886A0034B786 /* Release */ = {
			isa = XCBuildConfiguration;
			buildSettings = {
				ALWAYS_SEARCH_USER_PATHS = NO;
				CLANG_ANALYZER_NONNULL = YES;
				CLANG_ANALYZER_NUMBER_OBJECT_CONVERSION = YES_AGGRESSIVE;
				CLANG_CXX_LANGUAGE_STANDARD = "gnu++20";
				CLANG_ENABLE_MODULES = YES;
				CLANG_ENABLE_OBJC_ARC = YES;
				CLANG_ENABLE_OBJC_WEAK = YES;
				CLANG_WARN_BLOCK_CAPTURE_AUTORELEASING = YES;
				CLANG_WARN_BOOL_CONVERSION = YES;
				CLANG_WARN_COMMA = YES;
				CLANG_WARN_CONSTANT_CONVERSION = YES;
				CLANG_WARN_DEPRECATED_OBJC_IMPLEMENTATIONS = YES;
				CLANG_WARN_DIRECT_OBJC_ISA_USAGE = YES_ERROR;
				CLANG_WARN_DOCUMENTATION_COMMENTS = YES;
				CLANG_WARN_EMPTY_BODY = YES;
				CLANG_WARN_ENUM_CONVERSION = YES;
				CLANG_WARN_INFINITE_RECURSION = YES;
				CLANG_WARN_INT_CONVERSION = YES;
				CLANG_WARN_NON_LITERAL_NULL_CONVERSION = YES;
				CLANG_WARN_OBJC_IMPLICIT_RETAIN_SELF = YES;
				CLANG_WARN_OBJC_LITERAL_CONVERSION = YES;
				CLANG_WARN_OBJC_ROOT_CLASS = YES_ERROR;
				CLANG_WARN_QUOTED_INCLUDE_IN_FRAMEWORK_HEADER = YES;
				CLANG_WARN_RANGE_LOOP_ANALYSIS = YES;
				CLANG_WARN_STRICT_PROTOTYPES = YES;
				CLANG_WARN_SUSPICIOUS_MOVE = YES;
				CLANG_WARN_UNGUARDED_AVAILABILITY = YES_AGGRESSIVE;
				CLANG_WARN_UNREACHABLE_CODE = YES;
				CLANG_WARN__DUPLICATE_METHOD_MATCH = YES;
				COPY_PHASE_STRIP = NO;
				DEBUG_INFORMATION_FORMAT = "dwarf-with-dsym";
				ENABLE_NS_ASSERTIONS = NO;
				ENABLE_STRICT_OBJC_MSGSEND = YES;
				GCC_C_LANGUAGE_STANDARD = gnu11;
				GCC_NO_COMMON_BLOCKS = YES;
				GCC_WARN_64_TO_32_BIT_CONVERSION = YES;
				GCC_WARN_ABOUT_RETURN_TYPE = YES_ERROR;
				GCC_WARN_UNDECLARED_SELECTOR = YES;
				GCC_WARN_UNINITIALIZED_AUTOS = YES_AGGRESSIVE;
				GCC_WARN_UNUSED_FUNCTION = YES;
				GCC_WARN_UNUSED_VARIABLE = YES;
				IPHONEOS_DEPLOYMENT_TARGET = 16.2;
				MTL_ENABLE_DEBUG_INFO = NO;
				MTL_FAST_MATH = YES;
				SDKROOT = iphoneos;
				SWIFT_COMPILATION_MODE = wholemodule;
				SWIFT_OPTIMIZATION_LEVEL = "-O";
				VALIDATE_PRODUCT = YES;
			};
			name = Release;
		};
		945F208B29E7886A0034B786 /* Debug */ = {
			isa = XCBuildConfiguration;
			buildSettings = {
				ASSETCATALOG_COMPILER_APPICON_NAME = AppIcon;
				ASSETCATALOG_COMPILER_GLOBAL_ACCENT_COLOR_NAME = AccentColor;
				CODE_SIGN_STYLE = Automatic;
				CURRENT_PROJECT_VERSION = 1;
				DEVELOPMENT_ASSET_PATHS = "\"Cookcademy/Preview Content\"";
				DEVELOPMENT_TEAM = GF4YDM29A4;
				ENABLE_PREVIEWS = YES;
				GENERATE_INFOPLIST_FILE = YES;
				INFOPLIST_KEY_UIApplicationSceneManifest_Generation = YES;
				INFOPLIST_KEY_UIApplicationSupportsIndirectInputEvents = YES;
				INFOPLIST_KEY_UILaunchScreen_Generation = YES;
				INFOPLIST_KEY_UISupportedInterfaceOrientations_iPad = "UIInterfaceOrientationPortrait UIInterfaceOrientationPortraitUpsideDown UIInterfaceOrientationLandscapeLeft UIInterfaceOrientationLandscapeRight";
				INFOPLIST_KEY_UISupportedInterfaceOrientations_iPhone = "UIInterfaceOrientationPortrait UIInterfaceOrientationLandscapeLeft UIInterfaceOrientationLandscapeRight";
				LD_RUNPATH_SEARCH_PATHS = (
					"$(inherited)",
					"@executable_path/Frameworks",
				);
				MARKETING_VERSION = 1.0;
				PRODUCT_BUNDLE_IDENTIFIER = com.parisApps.Cookcademy;
				PRODUCT_NAME = "$(TARGET_NAME)";
				SWIFT_EMIT_LOC_STRINGS = YES;
				SWIFT_VERSION = 5.0;
				TARGETED_DEVICE_FAMILY = "1,2";
			};
			name = Debug;
		};
		945F208C29E7886A0034B786 /* Release */ = {
			isa = XCBuildConfiguration;
			buildSettings = {
				ASSETCATALOG_COMPILER_APPICON_NAME = AppIcon;
				ASSETCATALOG_COMPILER_GLOBAL_ACCENT_COLOR_NAME = AccentColor;
				CODE_SIGN_STYLE = Automatic;
				CURRENT_PROJECT_VERSION = 1;
				DEVELOPMENT_ASSET_PATHS = "\"Cookcademy/Preview Content\"";
				DEVELOPMENT_TEAM = GF4YDM29A4;
				ENABLE_PREVIEWS = YES;
				GENERATE_INFOPLIST_FILE = YES;
				INFOPLIST_KEY_UIApplicationSceneManifest_Generation = YES;
				INFOPLIST_KEY_UIApplicationSupportsIndirectInputEvents = YES;
				INFOPLIST_KEY_UILaunchScreen_Generation = YES;
				INFOPLIST_KEY_UISupportedInterfaceOrientations_iPad = "UIInterfaceOrientationPortrait UIInterfaceOrientationPortraitUpsideDown UIInterfaceOrientationLandscapeLeft UIInterfaceOrientationLandscapeRight";
				INFOPLIST_KEY_UISupportedInterfaceOrientations_iPhone = "UIInterfaceOrientationPortrait UIInterfaceOrientationLandscapeLeft UIInterfaceOrientationLandscapeRight";
				LD_RUNPATH_SEARCH_PATHS = (
					"$(inherited)",
					"@executable_path/Frameworks",
				);
				MARKETING_VERSION = 1.0;
				PRODUCT_BUNDLE_IDENTIFIER = com.parisApps.Cookcademy;
				PRODUCT_NAME = "$(TARGET_NAME)";
				SWIFT_EMIT_LOC_STRINGS = YES;
				SWIFT_VERSION = 5.0;
				TARGETED_DEVICE_FAMILY = "1,2";
			};
			name = Release;
		};
/* End XCBuildConfiguration section */

/* Begin XCConfigurationList section */
		945F207729E788670034B786 /* Build configuration list for PBXProject "Cookcademy" */ = {
			isa = XCConfigurationList;
			buildConfigurations = (
				945F208829E7886A0034B786 /* Debug */,
				945F208929E7886A0034B786 /* Release */,
			);
			defaultConfigurationIsVisible = 0;
			defaultConfigurationName = Release;
		};
		945F208A29E7886A0034B786 /* Build configuration list for PBXNativeTarget "Cookcademy" */ = {
			isa = XCConfigurationList;
			buildConfigurations = (
				945F208B29E7886A0034B786 /* Debug */,
				945F208C29E7886A0034B786 /* Release */,
			);
			defaultConfigurationIsVisible = 0;
			defaultConfigurationName = Release;
		};
/* End XCConfigurationList section */
	};
	rootObject = 945F207429E788670034B786 /* Project object */;
}
